{
  "nodes": {
    "luispkgs": {
      "locked": {
        "lastModified": 1660437208,
        "narHash": "sha256-P2AR2e4UqV4l4KoWJLGZMTx5jXYkZkEUAJFn0vU6Ubk=",
        "owner": "Luis-Hebendanz",
        "repo": "nixpkgs",
        "rev": "3a887b0934f1dfe45839cfff69d38a6fa2b266a3",
        "type": "github"
      },
      "original": {
        "owner": "Luis-Hebendanz",
        "ref": "luispkgs",
        "repo": "nixpkgs",
        "type": "github"
      }
    },
    "naersk": {
      "inputs": {
        "nixpkgs": "nixpkgs"
      },
      "locked": {
        "lastModified": 1659610603,
        "narHash": "sha256-LYgASYSPYo7O71WfeUOaEUzYfzuXm8c8eavJcel+pfI=",
        "owner": "nix-community",
        "repo": "naersk",
        "rev": "c6a45e4277fa58abd524681466d3450f896dc094",
        "type": "github"
      },
      "original": {
        "owner": "nix-community",
        "ref": "master",
        "repo": "naersk",
        "type": "github"
      }
    },
    "nixpkgs": {
      "locked": {
        "lastModified": 1660316542,
        "narHash": "sha256-wkFzAa5tEzp14OldtpqBHeMTNLGEJemMBfUWaXjJVOE=",
        "owner": "NixOS",
        "repo": "nixpkgs",
        "rev": "ff8e8d4b4f7c934e16546beefce9e547b6b65d5c",
        "type": "github"
      },
      "original": {
        "id": "nixpkgs",
        "type": "indirect"
      }
    },
    "nixpkgs_2": {
      "locked": {
        "lastModified": 1660316542,
        "narHash": "sha256-wkFzAa5tEzp14OldtpqBHeMTNLGEJemMBfUWaXjJVOE=",
        "owner": "NixOS",
        "repo": "nixpkgs",
        "rev": "ff8e8d4b4f7c934e16546beefce9e547b6b65d5c",
        "type": "github"
      },
      "original": {
        "owner": "NixOS",
        "ref": "nixpkgs-unstable",
        "repo": "nixpkgs",
        "type": "github"
      }
    },
    "root": {
      "inputs": {
        "luispkgs": "luispkgs",
        "naersk": "naersk",
        "nixpkgs": "nixpkgs_2",
        "utils": "utils"
      }
    },
    "utils": {
      "locked": {
        "lastModified": 1659877975,
        "narHash": "sha256-zllb8aq3YO3h8B/U0/J1WBgAL8EX5yWf5pMj3G0NAmc=",
        "owner": "numtide",
        "repo": "flake-utils",
        "rev": "c0e246b9b83f637f4681389ecabcb2681b4f3af0",
        "type": "github"
      },
      "original": {
        "owner": "numtide",
        "repo": "flake-utils",
        "type": "github"
      }
    }
  },
  "root": "root",
  "version": 7
}
